
Microsoft Visual Studio Solution File, Format Version 12.00
# Visual Studio Version 16
VisualStudioVersion = 16.0.30114.105
MinimumVisualStudioVersion = 10.0.40219.1
Project("{FAE04EC0-301F-11D3-BF4B-00C04F79EFBC}") = "reddio.crypto", "reddio.crypto\reddio.crypto.csproj", "{28EB8AB9-FC8D-4E0E-85A2-7A74E0977CA0}"
EndProject
Project("{FAE04EC0-301F-11D3-BF4B-00C04F79EFBC}") = "reddio.tests.crypto", "reddio.tests.crypto\reddio.tests.crypto.csproj", "{1BCB204F-18EA-457B-9EB3-0DFF67638483}"
EndProject
Project("{FAE04EC0-301F-11D3-BF4B-00C04F79EFBC}") = "reddio.api", "reddio.api\reddio.api.csproj", "{B0D084C3-0448-4417-9CD3-2D464B3F1FC0}"
EndProject
Project("{FAE04EC0-301F-11D3-BF4B-00C04F79EFBC}") = "reddio.tests.api", "reddio.tests.api\reddio.tests.api.csproj", "{94DEE188-2D3D-4107-872F-713AB912A6DD}"
EndProject
Global
	GlobalSection(SolutionConfigurationPlatforms) = preSolution
		Debug|Any CPU = Debug|Any CPU
		Release|Any CPU = Release|Any CPU
	EndGlobalSection
	GlobalSection(SolutionProperties) = preSolution
		HideSolutionNode = FALSE
	EndGlobalSection
	GlobalSection(ProjectConfigurationPlatforms) = postSolution
		{28EB8AB9-FC8D-4E0E-85A2-7A74E0977CA0}.Debug|Any CPU.ActiveCfg = Debug|Any CPU
		{28EB8AB9-FC8D-4E0E-85A2-7A74E0977CA0}.Debug|Any CPU.Build.0 = Debug|Any CPU
		{28EB8AB9-FC8D-4E0E-85A2-7A74E0977CA0}.Release|Any CPU.ActiveCfg = Release|Any CPU
		{28EB8AB9-FC8D-4E0E-85A2-7A74E0977CA0}.Release|Any CPU.Build.0 = Release|Any CPU
		{1BCB204F-18EA-457B-9EB3-0DFF67638483}.Debug|Any CPU.ActiveCfg = Debug|Any CPU
		{1BCB204F-18EA-457B-9EB3-0DFF67638483}.Debug|Any CPU.Build.0 = Debug|Any CPU
		{1BCB204F-18EA-457B-9EB3-0DFF67638483}.Release|Any CPU.ActiveCfg = Release|Any CPU
		{1BCB204F-18EA-457B-9EB3-0DFF67638483}.Release|Any CPU.Build.0 = Release|Any CPU
		{B0D084C3-0448-4417-9CD3-2D464B3F1FC0}.Debug|Any CPU.ActiveCfg = Debug|Any CPU
		{B0D084C3-0448-4417-9CD3-2D464B3F1FC0}.Debug|Any CPU.Build.0 = Debug|Any CPU
		{B0D084C3-0448-4417-9CD3-2D464B3F1FC0}.Release|Any CPU.ActiveCfg = Release|Any CPU
		{B0D084C3-0448-4417-9CD3-2D464B3F1FC0}.Release|Any CPU.Build.0 = Release|Any CPU
		{94DEE188-2D3D-4107-872F-713AB912A6DD}.Debug|Any CPU.ActiveCfg = Debug|Any CPU
		{94DEE188-2D3D-4107-872F-713AB912A6DD}.Debug|Any CPU.Build.0 = Debug|Any CPU
		{94DEE188-2D3D-4107-872F-713AB912A6DD}.Release|Any CPU.ActiveCfg = Release|Any CPU
		{94DEE188-2D3D-4107-872F-713AB912A6DD}.Release|Any CPU.Build.0 = Release|Any CPU
	EndGlobalSection
EndGlobal
