# This file is automatically @generated by Cargo.
# It is not intended for manual editing.
version = 3

[[package]]
name = "base16ct"
version = "0.1.1"
source = "registry+https://github.com/rust-lang/crates.io-index"
checksum = "349a06037c7bf932dd7e7d1f653678b2038b9ad46a74102f1fc7bd7872678cce"

[[package]]
name = "const-oid"
version = "0.9.0"
source = "registry+https://github.com/rust-lang/crates.io-index"
checksum = "722e23542a15cea1f65d4a1419c4cfd7a26706c70871a13a04238ca3f40f1661"

[[package]]
name = "crypto"
version = "0.1.0"
dependencies = [
 "elliptic-curve",
]

[[package]]
name = "crypto-bigint"
version = "0.4.8"
source = "registry+https://github.com/rust-lang/crates.io-index"
checksum = "9f2b443d17d49dad5ef0ede301c3179cc923b8822f3393b4d2c28c269dd4a122"
dependencies = [
 "generic-array",
 "rand_core",
 "subtle",
 "zeroize",
]

[[package]]
name = "der"
version = "0.6.0"
source = "registry+https://github.com/rust-lang/crates.io-index"
checksum = "13dd2ae565c0a381dde7fade45fce95984c568bdcb4700a4fdbe3175e0380b2f"
dependencies = [
 "const-oid",
]

[[package]]
name = "elliptic-curve"
version = "0.12.3"
source = "registry+https://github.com/rust-lang/crates.io-index"
checksum = "e7bb888ab5300a19b8e5bceef25ac745ad065f3c9f7efc6de1b91958110891d3"
dependencies = [
 "base16ct",
 "crypto-bigint",
 "der",
 "ff",
 "generic-array",
 "group",
 "rand_core",
 "subtle",
 "zeroize",
]

[[package]]
name = "ff"
version = "0.12.0"
source = "registry+https://github.com/rust-lang/crates.io-index"
checksum = "df689201f395c6b90dfe87127685f8dbfc083a5e779e613575d8bd7314300c3e"
dependencies = [
 "rand_core",
 "subtle",
]

[[package]]
name = "generic-array"
version = "0.14.5"
source = "registry+https://github.com/rust-lang/crates.io-index"
checksum = "fd48d33ec7f05fbfa152300fdad764757cbded343c1aa1cff2fbaf4134851803"
dependencies = [
 "typenum",
 "version_check",
]

[[package]]
name = "group"
version = "0.12.0"
source = "registry+https://github.com/rust-lang/crates.io-index"
checksum = "7391856def869c1c81063a03457c676fbcd419709c3dfb33d8d319de484b154d"
dependencies = [
 "ff",
 "rand_core",
 "subtle",
]

[[package]]
name = "rand_core"
version = "0.6.3"
source = "registry+https://github.com/rust-lang/crates.io-index"
checksum = "d34f1408f55294453790c48b2f1ebbb1c5b4b7563eb1f418bcfcfdbb06ebb4e7"

[[package]]
name = "subtle"
version = "2.4.1"
source = "registry+https://github.com/rust-lang/crates.io-index"
checksum = "6bdef32e8150c2a081110b42772ffe7d7c9032b606bc226c8260fd97e0976601"

[[package]]
name = "typenum"
version = "1.15.0"
source = "registry+https://github.com/rust-lang/crates.io-index"
checksum = "dcf81ac59edc17cc8697ff311e8f5ef2d99fcbd9817b34cec66f90b6c3dfd987"

[[package]]
name = "version_check"
version = "0.9.4"
source = "registry+https://github.com/rust-lang/crates.io-index"
checksum = "49874b5167b65d7193b8aba1567f5c7d93d001cafc34600cee003eda787e483f"

[[package]]
name = "zeroize"
version = "1.5.7"
source = "registry+https://github.com/rust-lang/crates.io-index"
checksum = "c394b5bd0c6f669e7275d9c20aa90ae064cb22e75a1cad54e1b34088034b149f"
